
Microsoft Visual Studio Solution File, Format Version 12.00
# Visual Studio Version 16
VisualStudioVersion = 16.0.30711.63
MinimumVisualStudioVersion = 10.0.40219.1
Project("{FAE04EC0-301F-11D3-BF4B-00C04F79EFBC}") = "AppInterfaces", "AppInterfaces\AppInterfaces.csproj", "{45FF31F9-4721-4193-A6D6-9354FFD86C54}"
EndProject
Global
	GlobalSection(SolutionConfigurationPlatforms) = preSolution
		Debug|Any CPU = Debug|Any CPU
		Release|Any CPU = Release|Any CPU
	EndGlobalSection
	GlobalSection(ProjectConfigurationPlatforms) = postSolution
		{45FF31F9-4721-4193-A6D6-9354FFD86C54}.Debug|Any CPU.ActiveCfg = Debug|Any CPU
		{45FF31F9-4721-4193-A6D6-9354FFD86C54}.Debug|Any CPU.Build.0 = Debug|Any CPU
		{45FF31F9-4721-4193-A6D6-9354FFD86C54}.Release|Any CPU.ActiveCfg = Release|Any CPU
		{45FF31F9-4721-4193-A6D6-9354FFD86C54}.Release|Any CPU.Build.0 = Release|Any CPU
	EndGlobalSection
	GlobalSection(SolutionProperties) = preSolution
		HideSolutionNode = FALSE
	EndGlobalSection
	GlobalSection(ExtensibilityGlobals) = postSolution
		SolutionGuid = {4C7292BB-806D-46DA-A866-98727298429E}
	EndGlobalSection
EndGlobal
